ctyun-code.srdcloud.cn/a/CNPaaS/fc/pkg v0.1.6 h1:dQoSCxX171JmG0NrJ2rdv+SEWCqW0pScgniJ4TpVhDk=
ctyun-code.srdcloud.cn/a/CNPaaS/fc/pkg v0.1.6/go.mod h1:uvbeOuW7x0ncLr9re9L7JRmxK08HDUdKAx/uau1qpLo=
github.com/Taoja/sm4 v0.0.0-20210702124949-ed65c23ff019 h1:9VKAUKGeGC0qrqzTWlR6la7T+dfGHUwtKVpYH0TeHDI=
github.com/Taoja/sm4 v0.0.0-20210702124949-ed65c23ff019/go.mod h1:ENBa7K7CdnfYoOSMPUZjDDkEfqRxvSqTFy5JuY3ROcM=
github.com/davecgh/go-spew v1.1.1 h1:vj9j/u1bqnvCEfJOwUhtlOARqs3+rkHYY13jYWTU97c=
github.com/google/uuid v1.6.0 h1:NIvaJDMOsjHA8n1jAhLSgzrAzy1Hgr+hNrb57e+94F0=
github.com/google/uuid v1.6.0/go.mod h1:TIyPZe4MgqvfeYDBFedMoGGpEw/LqOeaOT+nhxU+yHo=
github.com/pmezard/go-difflib v1.0.0 h1:4DBwDE0NGyQoBHbLQYPwSUPoCMWR5BEzIk/f1lZbAQM=
github.com/stretchr/testify v1.8.4 h1:CcVxjf3Q8PM0mHUKJCdn+eZZtm5yQwehR5yeSVQQcUk=
gopkg.in/yaml.v3 v3.0.1 h1:fxVm/GzAzEWqLHuvctI91KS9hhNmmWOoWu0XTYJS7CA=
